// !$*UTF8*$!
{
	archiveVersion = 1;
	classes = {
	};
	objectVersion = 50;
	objects = {

/* Begin PBXBuildFile section */
		6D0E22702150FCC8006E408C /* Cart+CoreDataClass.swift in Sources */ = {isa = PBXBuildFile; fileRef = 6D0E226E2150FCC8006E408C /* Cart+CoreDataClass.swift */; };
		6D0E22712150FCC8006E408C /* Cart+CoreDataProperties.swift in Sources */ = {isa = PBXBuildFile; fileRef = 6D0E226F2150FCC8006E408C /* Cart+CoreDataProperties.swift */; };
		6D0E22742150FCEB006E408C /* Discount+CoreDataClass.swift in Sources */ = {isa = PBXBuildFile; fileRef = 6D0E22722150FCEB006E408C /* Discount+CoreDataClass.swift */; };
		6D0E22752150FCEB006E408C /* Discount+CoreDataProperties.swift in Sources */ = {isa = PBXBuildFile; fileRef = 6D0E22732150FCEB006E408C /* Discount+CoreDataProperties.swift */; };
		6D0E22772150FEA5006E408C /* AddItemViewController.swift in Sources */ = {isa = PBXBuildFile; fileRef = 6D0E22762150FEA5006E408C /* AddItemViewController.swift */; };
		6D2EDF34214ED5D200761809 /* Item+CoreDataClass.swift in Sources */ = {isa = PBXBuildFile; fileRef = 6D2EDF32214ED5D200761809 /* Item+CoreDataClass.swift */; };
		6D2EDF35214ED5D200761809 /* Item+CoreDataProperties.swift in Sources */ = {isa = PBXBuildFile; fileRef = 6D2EDF33214ED5D200761809 /* Item+CoreDataProperties.swift */; };
		6D61457D214AF1840055D381 /* APIClient.swift in Sources */ = {isa = PBXBuildFile; fileRef = 6D61457C214AF1840055D381 /* APIClient.swift */; };
		6D61458B214B02C60055D381 /* CoreDataManager.swift in Sources */ = {isa = PBXBuildFile; fileRef = 6D61458A214B02C60055D381 /* CoreDataManager.swift */; };
		6D61458D214CFC210055D381 /* LibraryModel.swift in Sources */ = {isa = PBXBuildFile; fileRef = 6D61458C214CFC210055D381 /* LibraryModel.swift */; };
		6D614597214D0F9C0055D381 /* DiscountModel.swift in Sources */ = {isa = PBXBuildFile; fileRef = 6D614596214D0F9C0055D381 /* DiscountModel.swift */; };
		6D61459E214D1BCC0055D381 /* LibraryDetailTableViewCell.swift in Sources */ = {isa = PBXBuildFile; fileRef = 6D61459D214D1BCC0055D381 /* LibraryDetailTableViewCell.swift */; };
		6D6145A0214D2AC40055D381 /* DiscoutViewController.swift in Sources */ = {isa = PBXBuildFile; fileRef = 6D61459F214D2AC40055D381 /* DiscoutViewController.swift */; };
		6D6145A2214D2ACD0055D381 /* ItemViewController.swift in Sources */ = {isa = PBXBuildFile; fileRef = 6D6145A1214D2ACD0055D381 /* ItemViewController.swift */; };
		6D6145A5214D2AEB0055D381 /* ItemTableViewCell.swift in Sources */ = {isa = PBXBuildFile; fileRef = 6D6145A3214D2AEB0055D381 /* ItemTableViewCell.swift */; };
		6D6145A6214D2AEB0055D381 /* ItemTableViewCell.xib in Resources */ = {isa = PBXBuildFile; fileRef = 6D6145A4214D2AEB0055D381 /* ItemTableViewCell.xib */; };
		6D6145A9214D2AF80055D381 /* DiscountTableViewCell.swift in Sources */ = {isa = PBXBuildFile; fileRef = 6D6145A7214D2AF80055D381 /* DiscountTableViewCell.swift */; };
		6D6145AA214D2AF80055D381 /* DiscountTableViewCell.xib in Resources */ = {isa = PBXBuildFile; fileRef = 6D6145A8214D2AF80055D381 /* DiscountTableViewCell.xib */; };
		6D6145BE214DEED10055D381 /* LoadingViewController.swift in Sources */ = {isa = PBXBuildFile; fileRef = 6D6145BD214DEED10055D381 /* LoadingViewController.swift */; };
		6D6145C0214DF2010055D381 /* ErrorViewController.swift in Sources */ = {isa = PBXBuildFile; fileRef = 6D6145BF214DF2010055D381 /* ErrorViewController.swift */; };
		6D6145C2214E2D8A0055D381 /* ContentStateViewController.swift in Sources */ = {isa = PBXBuildFile; fileRef = 6D6145C1214E2D890055D381 /* ContentStateViewController.swift */; };
		6D6145C6214E4C120055D381 /* APIClientTest.swift in Sources */ = {isa = PBXBuildFile; fileRef = 6D6145C5214E4C120055D381 /* APIClientTest.swift */; };
		6D6145C8214E4CFB0055D381 /* MockAPIClient.swift in Sources */ = {isa = PBXBuildFile; fileRef = 6D6145C7214E4CFB0055D381 /* MockAPIClient.swift */; };
		6D6145CA214E59DE0055D381 /* DataProvider.swift in Sources */ = {isa = PBXBuildFile; fileRef = 6D6145C9214E59DE0055D381 /* DataProvider.swift */; };
		6D6145CC214E657C0055D381 /* DBStorageManager.swift in Sources */ = {isa = PBXBuildFile; fileRef = 6D6145CB214E657C0055D381 /* DBStorageManager.swift */; };
		6D6145DA214E7CA50055D381 /* DBStorageManagerTest.swift in Sources */ = {isa = PBXBuildFile; fileRef = 6D6145D9214E7CA50055D381 /* DBStorageManagerTest.swift */; };
		6D6145DC214E8A720055D381 /* MockComponentsDBStorageManager.swift in Sources */ = {isa = PBXBuildFile; fileRef = 6D6145DB214E8A720055D381 /* MockComponentsDBStorageManager.swift */; };
		6DD31096214A8BAF00168A0E /* AppDelegate.swift in Sources */ = {isa = PBXBuildFile; fileRef = 6DD31095214A8BAF00168A0E /* AppDelegate.swift */; };
		6DD3109B214A8BAF00168A0E /* Main.storyboard in Resources */ = {isa = PBXBuildFile; fileRef = 6DD31099214A8BAF00168A0E /* Main.storyboard */; };
		6DD3109E214A8BAF00168A0E /* POS.xcdatamodeld in Sources */ = {isa = PBXBuildFile; fileRef = 6DD3109C214A8BAF00168A0E /* POS.xcdatamodeld */; };
		6DD310A0214A8BB000168A0E /* Assets.xcassets in Resources */ = {isa = PBXBuildFile; fileRef = 6DD3109F214A8BB000168A0E /* Assets.xcassets */; };
		6DD310A3214A8BB000168A0E /* LaunchScreen.storyboard in Resources */ = {isa = PBXBuildFile; fileRef = 6DD310A1214A8BB000168A0E /* LaunchScreen.storyboard */; };
		6DD310AE214A8BB000168A0E /* POSTests.swift in Sources */ = {isa = PBXBuildFile; fileRef = 6DD310AD214A8BB000168A0E /* POSTests.swift */; };
		6DD310B9214AA52800168A0E /* HomeViewController.swift in Sources */ = {isa = PBXBuildFile; fileRef = 6DD310B8214AA52800168A0E /* HomeViewController.swift */; };
		6DD310C4214AC9CC00168A0E /* Library.storyboard in Resources */ = {isa = PBXBuildFile; fileRef = 6DD310C0214AC9CB00168A0E /* Library.storyboard */; };
		6DD310C5214AC9CC00168A0E /* Cart.storyboard in Resources */ = {isa = PBXBuildFile; fileRef = 6DD310C2214AC9CB00168A0E /* Cart.storyboard */; };
		6DD310C8214ACEE500168A0E /* LibraryTableViewController.swift in Sources */ = {isa = PBXBuildFile; fileRef = 6DD310C7214ACEE500168A0E /* LibraryTableViewController.swift */; };
		6DD310CA214ACF0300168A0E /* CartViewController.swift in Sources */ = {isa = PBXBuildFile; fileRef = 6DD310C9214ACF0300168A0E /* CartViewController.swift */; };
/* End PBXBuildFile section */

/* Begin PBXContainerItemProxy section */
		6DD310AA214A8BB000168A0E /* PBXContainerItemProxy */ = {
			isa = PBXContainerItemProxy;
			containerPortal = 6DD3108A214A8BAF00168A0E /* Project object */;
			proxyType = 1;
			remoteGlobalIDString = 6DD31091214A8BAF00168A0E;
			remoteInfo = POS;
		};
/* End PBXContainerItemProxy section */

/* Begin PBXFileReference section */
		6D0E226E2150FCC8006E408C /* Cart+CoreDataClass.swift */ = {isa = PBXFileReference; lastKnownFileType = sourcecode.swift; path = "Cart+CoreDataClass.swift"; sourceTree = "<group>"; };
		6D0E226F2150FCC8006E408C /* Cart+CoreDataProperties.swift */ = {isa = PBXFileReference; lastKnownFileType = sourcecode.swift; path = "Cart+CoreDataProperties.swift"; sourceTree = "<group>"; };
		6D0E22722150FCEB006E408C /* Discount+CoreDataClass.swift */ = {isa = PBXFileReference; lastKnownFileType = sourcecode.swift; path = "Discount+CoreDataClass.swift"; sourceTree = "<group>"; };
		6D0E22732150FCEB006E408C /* Discount+CoreDataProperties.swift */ = {isa = PBXFileReference; lastKnownFileType = sourcecode.swift; path = "Discount+CoreDataProperties.swift"; sourceTree = "<group>"; };
		6D0E22762150FEA5006E408C /* AddItemViewController.swift */ = {isa = PBXFileReference; fileEncoding = 4; lastKnownFileType = sourcecode.swift; path = AddItemViewController.swift; sourceTree = "<group>"; };
		6D2EDF32214ED5D200761809 /* Item+CoreDataClass.swift */ = {isa = PBXFileReference; lastKnownFileType = sourcecode.swift; path = "Item+CoreDataClass.swift"; sourceTree = "<group>"; };
		6D2EDF33214ED5D200761809 /* Item+CoreDataProperties.swift */ = {isa = PBXFileReference; lastKnownFileType = sourcecode.swift; path = "Item+CoreDataProperties.swift"; sourceTree = "<group>"; };
		6D61457C214AF1840055D381 /* APIClient.swift */ = {isa = PBXFileReference; lastKnownFileType = sourcecode.swift; path = APIClient.swift; sourceTree = "<group>"; };
		6D61458A214B02C60055D381 /* CoreDataManager.swift */ = {isa = PBXFileReference; lastKnownFileType = sourcecode.swift; path = CoreDataManager.swift; sourceTree = "<group>"; };
		6D61458C214CFC210055D381 /* LibraryModel.swift */ = {isa = PBXFileReference; lastKnownFileType = sourcecode.swift; path = LibraryModel.swift; sourceTree = "<group>"; };
		6D614596214D0F9C0055D381 /* DiscountModel.swift */ = {isa = PBXFileReference; lastKnownFileType = sourcecode.swift; path = DiscountModel.swift; sourceTree = "<group>"; };
		6D61459D214D1BCC0055D381 /* LibraryDetailTableViewCell.swift */ = {isa = PBXFileReference; lastKnownFileType = sourcecode.swift; path = LibraryDetailTableViewCell.swift; sourceTree = "<group>"; };
		6D61459F214D2AC40055D381 /* DiscoutViewController.swift */ = {isa = PBXFileReference; lastKnownFileType = sourcecode.swift; path = DiscoutViewController.swift; sourceTree = "<group>"; };
		6D6145A1214D2ACD0055D381 /* ItemViewController.swift */ = {isa = PBXFileReference; lastKnownFileType = sourcecode.swift; path = ItemViewController.swift; sourceTree = "<group>"; };
		6D6145A3214D2AEB0055D381 /* ItemTableViewCell.swift */ = {isa = PBXFileReference; lastKnownFileType = sourcecode.swift; path = ItemTableViewCell.swift; sourceTree = "<group>"; };
		6D6145A4214D2AEB0055D381 /* ItemTableViewCell.xib */ = {isa = PBXFileReference; lastKnownFileType = file.xib; path = ItemTableViewCell.xib; sourceTree = "<group>"; };
		6D6145A7214D2AF80055D381 /* DiscountTableViewCell.swift */ = {isa = PBXFileReference; lastKnownFileType = sourcecode.swift; path = DiscountTableViewCell.swift; sourceTree = "<group>"; };
		6D6145A8214D2AF80055D381 /* DiscountTableViewCell.xib */ = {isa = PBXFileReference; lastKnownFileType = file.xib; path = DiscountTableViewCell.xib; sourceTree = "<group>"; };
		6D6145BD214DEED10055D381 /* LoadingViewController.swift */ = {isa = PBXFileReference; lastKnownFileType = sourcecode.swift; path = LoadingViewController.swift; sourceTree = "<group>"; };
		6D6145BF214DF2010055D381 /* ErrorViewController.swift */ = {isa = PBXFileReference; lastKnownFileType = sourcecode.swift; path = ErrorViewController.swift; sourceTree = "<group>"; };
		6D6145C1214E2D890055D381 /* ContentStateViewController.swift */ = {isa = PBXFileReference; lastKnownFileType = sourcecode.swift; path = ContentStateViewController.swift; sourceTree = "<group>"; };
		6D6145C5214E4C120055D381 /* APIClientTest.swift */ = {isa = PBXFileReference; lastKnownFileType = sourcecode.swift; path = APIClientTest.swift; sourceTree = "<group>"; };
		6D6145C7214E4CFB0055D381 /* MockAPIClient.swift */ = {isa = PBXFileReference; lastKnownFileType = sourcecode.swift; path = MockAPIClient.swift; sourceTree = "<group>"; };
		6D6145C9214E59DE0055D381 /* DataProvider.swift */ = {isa = PBXFileReference; lastKnownFileType = sourcecode.swift; path = DataProvider.swift; sourceTree = "<group>"; };
		6D6145CB214E657C0055D381 /* DBStorageManager.swift */ = {isa = PBXFileReference; lastKnownFileType = sourcecode.swift; path = DBStorageManager.swift; sourceTree = "<group>"; };
		6D6145D9214E7CA50055D381 /* DBStorageManagerTest.swift */ = {isa = PBXFileReference; lastKnownFileType = sourcecode.swift; path = DBStorageManagerTest.swift; sourceTree = "<group>"; };
		6D6145DB214E8A720055D381 /* MockComponentsDBStorageManager.swift */ = {isa = PBXFileReference; lastKnownFileType = sourcecode.swift; path = MockComponentsDBStorageManager.swift; sourceTree = "<group>"; };
		6DD31092214A8BAF00168A0E /* POS.app */ = {isa = PBXFileReference; explicitFileType = wrapper.application; includeInIndex = 0; path = POS.app; sourceTree = BUILT_PRODUCTS_DIR; };
		6DD31095214A8BAF00168A0E /* AppDelegate.swift */ = {isa = PBXFileReference; lastKnownFileType = sourcecode.swift; path = AppDelegate.swift; sourceTree = "<group>"; };
		6DD3109A214A8BAF00168A0E /* Base */ = {isa = PBXFileReference; lastKnownFileType = file.storyboard; name = Base; path = Base.lproj/Main.storyboard; sourceTree = "<group>"; };
		6DD3109D214A8BAF00168A0E /* POS.xcdatamodel */ = {isa = PBXFileReference; lastKnownFileType = wrapper.xcdatamodel; path = POS.xcdatamodel; sourceTree = "<group>"; };
		6DD3109F214A8BB000168A0E /* Assets.xcassets */ = {isa = PBXFileReference; lastKnownFileType = folder.assetcatalog; path = Assets.xcassets; sourceTree = "<group>"; };
		6DD310A2214A8BB000168A0E /* Base */ = {isa = PBXFileReference; lastKnownFileType = file.storyboard; name = Base; path = Base.lproj/LaunchScreen.storyboard; sourceTree = "<group>"; };
		6DD310A4214A8BB000168A0E /* Info.plist */ = {isa = PBXFileReference; lastKnownFileType = text.plist.xml; path = Info.plist; sourceTree = "<group>"; };
		6DD310A9214A8BB000168A0E /* POSTests.xctest */ = {isa = PBXFileReference; explicitFileType = wrapper.cfbundle; includeInIndex = 0; path = POSTests.xctest; sourceTree = BUILT_PRODUCTS_DIR; };
		6DD310AD214A8BB000168A0E /* POSTests.swift */ = {isa = PBXFileReference; lastKnownFileType = sourcecode.swift; path = POSTests.swift; sourceTree = "<group>"; };
		6DD310AF214A8BB000168A0E /* Info.plist */ = {isa = PBXFileReference; lastKnownFileType = text.plist.xml; path = Info.plist; sourceTree = "<group>"; };
		6DD310B8214AA52800168A0E /* HomeViewController.swift */ = {isa = PBXFileReference; lastKnownFileType = sourcecode.swift; path = HomeViewController.swift; sourceTree = "<group>"; };
		6DD310C1214AC9CB00168A0E /* Base */ = {isa = PBXFileReference; lastKnownFileType = file.storyboard; name = Base; path = Base.lproj/Library.storyboard; sourceTree = "<group>"; };
		6DD310C3214AC9CB00168A0E /* Base */ = {isa = PBXFileReference; lastKnownFileType = file.storyboard; name = Base; path = Base.lproj/Cart.storyboard; sourceTree = "<group>"; };
		6DD310C7214ACEE500168A0E /* LibraryTableViewController.swift */ = {isa = PBXFileReference; lastKnownFileType = sourcecode.swift; path = LibraryTableViewController.swift; sourceTree = "<group>"; };
		6DD310C9214ACF0300168A0E /* CartViewController.swift */ = {isa = PBXFileReference; lastKnownFileType = sourcecode.swift; path = CartViewController.swift; sourceTree = "<group>"; };
/* End PBXFileReference section */

/* Begin PBXFrameworksBuildPhase section */
		6DD3108F214A8BAF00168A0E /* Frameworks */ = {
			isa = PBXFrameworksBuildPhase;
			buildActionMask = 2147483647;
			files = (
			);
			runOnlyForDeploymentPostprocessing = 0;
		};
		6DD310A6214A8BB000168A0E /* Frameworks */ = {
			isa = PBXFrameworksBuildPhase;
			buildActionMask = 2147483647;
			files = (
			);
			runOnlyForDeploymentPostprocessing = 0;
		};
/* End PBXFrameworksBuildPhase section */

/* Begin PBXGroup section */
		6D61457F214AF1A70055D381 /* Network */ = {
			isa = PBXGroup;
			children = (
				6D61457C214AF1840055D381 /* APIClient.swift */,
				6D6145C9214E59DE0055D381 /* DataProvider.swift */,
			);
			path = Network;
			sourceTree = "<group>";
		};
		6D61458E214CFC270055D381 /* Model */ = {
			isa = PBXGroup;
			children = (
				6D0E22722150FCEB006E408C /* Discount+CoreDataClass.swift */,
				6D0E22732150FCEB006E408C /* Discount+CoreDataProperties.swift */,
				6D0E226E2150FCC8006E408C /* Cart+CoreDataClass.swift */,
				6D0E226F2150FCC8006E408C /* Cart+CoreDataProperties.swift */,
				6D2EDF32214ED5D200761809 /* Item+CoreDataClass.swift */,
				6D2EDF33214ED5D200761809 /* Item+CoreDataProperties.swift */,
				6D61458C214CFC210055D381 /* LibraryModel.swift */,
				6D614596214D0F9C0055D381 /* DiscountModel.swift */,
			);
			path = Model;
			sourceTree = "<group>";
		};
		6D61458F214CFCD80055D381 /* Manager */ = {
			isa = PBXGroup;
			children = (
				6D61458A214B02C60055D381 /* CoreDataManager.swift */,
				6D6145CB214E657C0055D381 /* DBStorageManager.swift */,
			);
			path = Manager;
			sourceTree = "<group>";
		};
		6D61459C214D1B8A0055D381 /* View */ = {
			isa = PBXGroup;
			children = (
				6D61459D214D1BCC0055D381 /* LibraryDetailTableViewCell.swift */,
				6D6145A3214D2AEB0055D381 /* ItemTableViewCell.swift */,
				6D6145A4214D2AEB0055D381 /* ItemTableViewCell.xib */,
				6D6145A7214D2AF80055D381 /* DiscountTableViewCell.swift */,
				6D6145A8214D2AF80055D381 /* DiscountTableViewCell.xib */,
				6D6145BD214DEED10055D381 /* LoadingViewController.swift */,
				6D6145BF214DF2010055D381 /* ErrorViewController.swift */,
				6D6145C1214E2D890055D381 /* ContentStateViewController.swift */,
			);
			path = View;
			sourceTree = "<group>";
		};
		6D6145DD214E8AB80055D381 /* NetworkTest */ = {
			isa = PBXGroup;
			children = (
				6D6145C7214E4CFB0055D381 /* MockAPIClient.swift */,
				6D6145C5214E4C120055D381 /* APIClientTest.swift */,
			);
			path = NetworkTest;
			sourceTree = "<group>";
		};
		6D6145DE214E8AC50055D381 /* DBTest */ = {
			isa = PBXGroup;
			children = (
				6D6145D9214E7CA50055D381 /* DBStorageManagerTest.swift */,
				6D6145DB214E8A720055D381 /* MockComponentsDBStorageManager.swift */,
			);
			path = DBTest;
			sourceTree = "<group>";
		};
		6DD31089214A8BAF00168A0E = {
			isa = PBXGroup;
			children = (
				6DD31094214A8BAF00168A0E /* POS */,
				6DD310AC214A8BB000168A0E /* POSTests */,
				6DD31093214A8BAF00168A0E /* Products */,
			);
			sourceTree = "<group>";
		};
		6DD31093214A8BAF00168A0E /* Products */ = {
			isa = PBXGroup;
			children = (
				6DD31092214A8BAF00168A0E /* POS.app */,
				6DD310A9214A8BB000168A0E /* POSTests.xctest */,
			);
			name = Products;
			sourceTree = "<group>";
		};
		6DD31094214A8BAF00168A0E /* POS */ = {
			isa = PBXGroup;
			children = (
				6DD31095214A8BAF00168A0E /* AppDelegate.swift */,
				6D61458E214CFC270055D381 /* Model */,
				6D61459C214D1B8A0055D381 /* View */,
				6DD310C6214ACEC500168A0E /* Controllers */,
				6D61457F214AF1A70055D381 /* Network */,
				6D61458F214CFCD80055D381 /* Manager */,
				6DD310BF214AC94200168A0E /* Resources */,
				6DD310A4214A8BB000168A0E /* Info.plist */,
				6DD3109C214A8BAF00168A0E /* POS.xcdatamodeld */,
			);
			path = POS;
			sourceTree = "<group>";
		};
		6DD310AC214A8BB000168A0E /* POSTests */ = {
			isa = PBXGroup;
			children = (
				6D6145DE214E8AC50055D381 /* DBTest */,
				6D6145DD214E8AB80055D381 /* NetworkTest */,
				6DD310AD214A8BB000168A0E /* POSTests.swift */,
				6DD310AF214A8BB000168A0E /* Info.plist */,
			);
			path = POSTests;
			sourceTree = "<group>";
		};
		6DD310BF214AC94200168A0E /* Resources */ = {
			isa = PBXGroup;
			children = (
				6DD310C2214AC9CB00168A0E /* Cart.storyboard */,
				6DD310C0214AC9CB00168A0E /* Library.storyboard */,
				6DD31099214A8BAF00168A0E /* Main.storyboard */,
				6DD3109F214A8BB000168A0E /* Assets.xcassets */,
				6DD310A1214A8BB000168A0E /* LaunchScreen.storyboard */,
			);
			path = Resources;
			sourceTree = "<group>";
		};
		6DD310C6214ACEC500168A0E /* Controllers */ = {
			isa = PBXGroup;
			children = (
				6DD310B8214AA52800168A0E /* HomeViewController.swift */,
				6DD310C7214ACEE500168A0E /* LibraryTableViewController.swift */,
				6DD310C9214ACF0300168A0E /* CartViewController.swift */,
				6D61459F214D2AC40055D381 /* DiscoutViewController.swift */,
				6D6145A1214D2ACD0055D381 /* ItemViewController.swift */,
				6D0E22762150FEA5006E408C /* AddItemViewController.swift */,
			);
			path = Controllers;
			sourceTree = "<group>";
		};
/* End PBXGroup section */

/* Begin PBXNativeTarget section */
		6DD31091214A8BAF00168A0E /* POS */ = {
			isa = PBXNativeTarget;
			buildConfigurationList = 6DD310B2214A8BB000168A0E /* Build configuration list for PBXNativeTarget "POS" */;
			buildPhases = (
				6DD3108E214A8BAF00168A0E /* Sources */,
				6DD3108F214A8BAF00168A0E /* Frameworks */,
				6DD31090214A8BAF00168A0E /* Resources */,
			);
			buildRules = (
			);
			dependencies = (
			);
			name = POS;
			productName = POS;
			productReference = 6DD31092214A8BAF00168A0E /* POS.app */;
			productType = "com.apple.product-type.application";
		};
		6DD310A8214A8BB000168A0E /* POSTests */ = {
			isa = PBXNativeTarget;
			buildConfigurationList = 6DD310B5214A8BB000168A0E /* Build configuration list for PBXNativeTarget "POSTests" */;
			buildPhases = (
				6DD310A5214A8BB000168A0E /* Sources */,
				6DD310A6214A8BB000168A0E /* Frameworks */,
				6DD310A7214A8BB000168A0E /* Resources */,
			);
			buildRules = (
			);
			dependencies = (
				6DD310AB214A8BB000168A0E /* PBXTargetDependency */,
			);
			name = POSTests;
			productName = POSTests;
			productReference = 6DD310A9214A8BB000168A0E /* POSTests.xctest */;
			productType = "com.apple.product-type.bundle.unit-test";
		};
/* End PBXNativeTarget section */

/* Begin PBXProject section */
		6DD3108A214A8BAF00168A0E /* Project object */ = {
			isa = PBXProject;
			attributes = {
				LastSwiftUpdateCheck = 0940;
				LastUpgradeCheck = 0940;
				ORGANIZATIONNAME = singhamit089;
				TargetAttributes = {
					6DD31091214A8BAF00168A0E = {
						CreatedOnToolsVersion = 9.4.1;
					};
					6DD310A8214A8BB000168A0E = {
						CreatedOnToolsVersion = 9.4.1;
						TestTargetID = 6DD31091214A8BAF00168A0E;
					};
				};
			};
			buildConfigurationList = 6DD3108D214A8BAF00168A0E /* Build configuration list for PBXProject "POS" */;
			compatibilityVersion = "Xcode 9.3";
			developmentRegion = en;
			hasScannedForEncodings = 0;
			knownRegions = (
				en,
				Base,
			);
			mainGroup = 6DD31089214A8BAF00168A0E;
			productRefGroup = 6DD31093214A8BAF00168A0E /* Products */;
			projectDirPath = "";
			projectRoot = "";
			targets = (
				6DD31091214A8BAF00168A0E /* POS */,
				6DD310A8214A8BB000168A0E /* POSTests */,
			);
		};
/* End PBXProject section */

/* Begin PBXResourcesBuildPhase section */
		6DD31090214A8BAF00168A0E /* Resources */ = {
			isa = PBXResourcesBuildPhase;
			buildActionMask = 2147483647;
			files = (
				6DD310A3214A8BB000168A0E /* LaunchScreen.storyboard in Resources */,
				6DD310A0214A8BB000168A0E /* Assets.xcassets in Resources */,
				6DD310C4214AC9CC00168A0E /* Library.storyboard in Resources */,
				6D6145AA214D2AF80055D381 /* DiscountTableViewCell.xib in Resources */,
				6DD310C5214AC9CC00168A0E /* Cart.storyboard in Resources */,
				6D6145A6214D2AEB0055D381 /* ItemTableViewCell.xib in Resources */,
				6DD3109B214A8BAF00168A0E /* Main.storyboard in Resources */,
			);
			runOnlyForDeploymentPostprocessing = 0;
		};
		6DD310A7214A8BB000168A0E /* Resources */ = {
			isa = PBXResourcesBuildPhase;
			buildActionMask = 2147483647;
			files = (
			);
			runOnlyForDeploymentPostprocessing = 0;
		};
/* End PBXResourcesBuildPhase section */

/* Begin PBXSourcesBuildPhase section */
		6DD3108E214A8BAF00168A0E /* Sources */ = {
			isa = PBXSourcesBuildPhase;
			buildActionMask = 2147483647;
			files = (
				6D2EDF35214ED5D200761809 /* Item+CoreDataProperties.swift in Sources */,
				6D0E22702150FCC8006E408C /* Cart+CoreDataClass.swift in Sources */,
				6D6145C0214DF2010055D381 /* ErrorViewController.swift in Sources */,
				6D6145CA214E59DE0055D381 /* DataProvider.swift in Sources */,
				6D61458B214B02C60055D381 /* CoreDataManager.swift in Sources */,
				6D0E22772150FEA5006E408C /* AddItemViewController.swift in Sources */,
				6D614597214D0F9C0055D381 /* DiscountModel.swift in Sources */,
				6DD3109E214A8BAF00168A0E /* POS.xcdatamodeld in Sources */,
				6D6145BE214DEED10055D381 /* LoadingViewController.swift in Sources */,
				6D0E22752150FCEB006E408C /* Discount+CoreDataProperties.swift in Sources */,
				6DD31096214A8BAF00168A0E /* AppDelegate.swift in Sources */,
				6D6145C2214E2D8A0055D381 /* ContentStateViewController.swift in Sources */,
				6D61458D214CFC210055D381 /* LibraryModel.swift in Sources */,
				6D6145A2214D2ACD0055D381 /* ItemViewController.swift in Sources */,
				6D2EDF34214ED5D200761809 /* Item+CoreDataClass.swift in Sources */,
				6D6145A5214D2AEB0055D381 /* ItemTableViewCell.swift in Sources */,
				6DD310CA214ACF0300168A0E /* CartViewController.swift in Sources */,
				6DD310C8214ACEE500168A0E /* LibraryTableViewController.swift in Sources */,
				6D61459E214D1BCC0055D381 /* LibraryDetailTableViewCell.swift in Sources */,
				6D61457D214AF1840055D381 /* APIClient.swift in Sources */,
				6D6145A0214D2AC40055D381 /* DiscoutViewController.swift in Sources */,
				6D6145A9214D2AF80055D381 /* DiscountTableViewCell.swift in Sources */,
				6D0E22742150FCEB006E408C /* Discount+CoreDataClass.swift in Sources */,
				6D0E22712150FCC8006E408C /* Cart+CoreDataProperties.swift in Sources */,
				6D6145CC214E657C0055D381 /* DBStorageManager.swift in Sources */,
				6DD310B9214AA52800168A0E /* HomeViewController.swift in Sources */,
			);
			runOnlyForDeploymentPostprocessing = 0;
		};
		6DD310A5214A8BB000168A0E /* Sources */ = {
			isa = PBXSourcesBuildPhase;
			buildActionMask = 2147483647;
			files = (
				6DD310AE214A8BB000168A0E /* POSTests.swift in Sources */,
				6D6145C6214E4C120055D381 /* APIClientTest.swift in Sources */,
				6D6145DC214E8A720055D381 /* MockComponentsDBStorageManager.swift in Sources */,
				6D6145C8214E4CFB0055D381 /* MockAPIClient.swift in Sources */,
				6D6145DA214E7CA50055D381 /* DBStorageManagerTest.swift in Sources */,
			);
			runOnlyForDeploymentPostprocessing = 0;
		};
/* End PBXSourcesBuildPhase section */

/* Begin PBXTargetDependency section */
		6DD310AB214A8BB000168A0E /* PBXTargetDependency */ = {
			isa = PBXTargetDependency;
			target = 6DD31091214A8BAF00168A0E /* POS */;
			targetProxy = 6DD310AA214A8BB000168A0E /* PBXContainerItemProxy */;
		};
/* End PBXTargetDependency section */

/* Begin PBXVariantGroup section */
		6DD31099214A8BAF00168A0E /* Main.storyboard */ = {
			isa = PBXVariantGroup;
			children = (
				6DD3109A214A8BAF00168A0E /* Base */,
			);
			name = Main.storyboard;
			sourceTree = "<group>";
		};
		6DD310A1214A8BB000168A0E /* LaunchScreen.storyboard */ = {
			isa = PBXVariantGroup;
			children = (
				6DD310A2214A8BB000168A0E /* Base */,
			);
			name = LaunchScreen.storyboard;
			sourceTree = "<group>";
		};
		6DD310C0214AC9CB00168A0E /* Library.storyboard */ = {
			isa = PBXVariantGroup;
			children = (
				6DD310C1214AC9CB00168A0E /* Base */,
			);
			name = Library.storyboard;
			sourceTree = "<group>";
		};
		6DD310C2214AC9CB00168A0E /* Cart.storyboard */ = {
			isa = PBXVariantGroup;
			children = (
				6DD310C3214AC9CB00168A0E /* Base */,
			);
			name = Cart.storyboard;
			sourceTree = "<group>";
		};
/* End PBXVariantGroup section */

/* Begin XCBuildConfiguration section */
		6DD310B0214A8BB000168A0E /* Debug */ = {
			isa = XCBuildConfiguration;
			buildSettings = {
				ALWAYS_SEARCH_USER_PATHS = NO;
				CLANG_ANALYZER_NONNULL = YES;
				CLANG_ANALYZER_NUMBER_OBJECT_CONVERSION = YES_AGGRESSIVE;
				CLANG_CXX_LANGUAGE_STANDARD = "gnu++14";
				CLANG_CXX_LIBRARY = "libc++";
				CLANG_ENABLE_MODULES = YES;
				CLANG_ENABLE_OBJC_ARC = YES;
				CLANG_ENABLE_OBJC_WEAK = YES;
				CLANG_WARN_BLOCK_CAPTURE_AUTORELEASING = YES;
				CLANG_WARN_BOOL_CONVERSION = YES;
				CLANG_WARN_COMMA = YES;
				CLANG_WARN_CONSTANT_CONVERSION = YES;
				CLANG_WARN_DEPRECATED_OBJC_IMPLEMENTATIONS = YES;
				CLANG_WARN_DIRECT_OBJC_ISA_USAGE = YES_ERROR;
				CLANG_WARN_DOCUMENTATION_COMMENTS = YES;
				CLANG_WARN_EMPTY_BODY = YES;
				CLANG_WARN_ENUM_CONVERSION = YES;
				CLANG_WARN_INFINITE_RECURSION = YES;
				CLANG_WARN_INT_CONVERSION = YES;
				CLANG_WARN_NON_LITERAL_NULL_CONVERSION = YES;
				CLANG_WARN_OBJC_IMPLICIT_RETAIN_SELF = YES;
				CLANG_WARN_OBJC_LITERAL_CONVERSION = YES;
				CLANG_WARN_OBJC_ROOT_CLASS = YES_ERROR;
				CLANG_WARN_RANGE_LOOP_ANALYSIS = YES;
				CLANG_WARN_STRICT_PROTOTYPES = YES;
				CLANG_WARN_SUSPICIOUS_MOVE = YES;
				CLANG_WARN_UNGUARDED_AVAILABILITY = YES_AGGRESSIVE;
				CLANG_WARN_UNREACHABLE_CODE = YES;
				CLANG_WARN__DUPLICATE_METHOD_MATCH = YES;
				CODE_SIGN_IDENTITY = "iPhone Developer";
				COPY_PHASE_STRIP = NO;
				DEBUG_INFORMATION_FORMAT = dwarf;
				ENABLE_STRICT_OBJC_MSGSEND = YES;
				ENABLE_TESTABILITY = YES;
				GCC_C_LANGUAGE_STANDARD = gnu11;
				GCC_DYNAMIC_NO_PIC = NO;
				GCC_NO_COMMON_BLOCKS = YES;
				GCC_OPTIMIZATION_LEVEL = 0;
				GCC_PREPROCESSOR_DEFINITIONS = (
					"DEBUG=1",
					"$(inherited)",
				);
				GCC_WARN_64_TO_32_BIT_CONVERSION = YES;
				GCC_WARN_ABOUT_RETURN_TYPE = YES_ERROR;
				GCC_WARN_UNDECLARED_SELECTOR = YES;
				GCC_WARN_UNINITIALIZED_AUTOS = YES_AGGRESSIVE;
				GCC_WARN_UNUSED_FUNCTION = YES;
				GCC_WARN_UNUSED_VARIABLE = YES;
				IPHONEOS_DEPLOYMENT_TARGET = 11.4;
				MTL_ENABLE_DEBUG_INFO = YES;
				ONLY_ACTIVE_ARCH = YES;
				SDKROOT = iphoneos;
				SWIFT_ACTIVE_COMPILATION_CONDITIONS = DEBUG;
				SWIFT_OPTIMIZATION_LEVEL = "-Onone";
			};
			name = Debug;
		};
		6DD310B1214A8BB000168A0E /* Release */ = {
			isa = XCBuildConfiguration;
			buildSettings = {
				ALWAYS_SEARCH_USER_PATHS = NO;
				CLANG_ANALYZER_NONNULL = YES;
				CLANG_ANALYZER_NUMBER_OBJECT_CONVERSION = YES_AGGRESSIVE;
				CLANG_CXX_LANGUAGE_STANDARD = "gnu++14";
				CLANG_CXX_LIBRARY = "libc++";
				CLANG_ENABLE_MODULES = YES;
				CLANG_ENABLE_OBJC_ARC = YES;
				CLANG_ENABLE_OBJC_WEAK = YES;
				CLANG_WARN_BLOCK_CAPTURE_AUTORELEASING = YES;
				CLANG_WARN_BOOL_CONVERSION = YES;
				CLANG_WARN_COMMA = YES;
				CLANG_WARN_CONSTANT_CONVERSION = YES;
				CLANG_WARN_DEPRECATED_OBJC_IMPLEMENTATIONS = YES;
				CLANG_WARN_DIRECT_OBJC_ISA_USAGE = YES_ERROR;
				CLANG_WARN_DOCUMENTATION_COMMENTS = YES;
				CLANG_WARN_EMPTY_BODY = YES;
				CLANG_WARN_ENUM_CONVERSION = YES;
				CLANG_WARN_INFINITE_RECURSION = YES;
				CLANG_WARN_INT_CONVERSION = YES;
				CLANG_WARN_NON_LITERAL_NULL_CONVERSION = YES;
				CLANG_WARN_OBJC_IMPLICIT_RETAIN_SELF = YES;
				CLANG_WARN_OBJC_LITERAL_CONVERSION = YES;
				CLANG_WARN_OBJC_ROOT_CLASS = YES_ERROR;
				CLANG_WARN_RANGE_LOOP_ANALYSIS = YES;
				CLANG_WARN_STRICT_PROTOTYPES = YES;
				CLANG_WARN_SUSPICIOUS_MOVE = YES;
				CLANG_WARN_UNGUARDED_AVAILABILITY = YES_AGGRESSIVE;
				CLANG_WARN_UNREACHABLE_CODE = YES;
				CLANG_WARN__DUPLICATE_METHOD_MATCH = YES;
				CODE_SIGN_IDENTITY = "iPhone Developer";
				COPY_PHASE_STRIP = NO;
				DEBUG_INFORMATION_FORMAT = "dwarf-with-dsym";
				ENABLE_NS_ASSERTIONS = NO;
				ENABLE_STRICT_OBJC_MSGSEND = YES;
				GCC_C_LANGUAGE_STANDARD = gnu11;
				GCC_NO_COMMON_BLOCKS = YES;
				GCC_WARN_64_TO_32_BIT_CONVERSION = YES;
				GCC_WARN_ABOUT_RETURN_TYPE = YES_ERROR;
				GCC_WARN_UNDECLARED_SELECTOR = YES;
				GCC_WARN_UNINITIALIZED_AUTOS = YES_AGGRESSIVE;
				GCC_WARN_UNUSED_FUNCTION = YES;
				GCC_WARN_UNUSED_VARIABLE = YES;
				IPHONEOS_DEPLOYMENT_TARGET = 11.4;
				MTL_ENABLE_DEBUG_INFO = NO;
				SDKROOT = iphoneos;
				SWIFT_COMPILATION_MODE = wholemodule;
				SWIFT_OPTIMIZATION_LEVEL = "-O";
				VALIDATE_PRODUCT = YES;
			};
			name = Release;
		};
		6DD310B3214A8BB000168A0E /* Debug */ = {
			isa = XCBuildConfiguration;
			buildSettings = {
				ASSETCATALOG_COMPILER_APPICON_NAME = AppIcon;
				CODE_SIGN_STYLE = Automatic;
				INFOPLIST_FILE = POS/Info.plist;
				LD_RUNPATH_SEARCH_PATHS = (
					"$(inherited)",
					"@executable_path/Frameworks",
				);
				PRODUCT_BUNDLE_IDENTIFIER = com.singhamit089.POS;
				PRODUCT_NAME = "$(TARGET_NAME)";
				SWIFT_VERSION = 4.0;
				TARGETED_DEVICE_FAMILY = 2;
			};
			name = Debug;
		};
		6DD310B4214A8BB000168A0E /* Release */ = {
			isa = XCBuildConfiguration;
			buildSettings = {
				ASSETCATALOG_COMPILER_APPICON_NAME = AppIcon;
				CODE_SIGN_STYLE = Automatic;
				INFOPLIST_FILE = POS/Info.plist;
				LD_RUNPATH_SEARCH_PATHS = (
					"$(inherited)",
					"@executable_path/Frameworks",
				);
				PRODUCT_BUNDLE_IDENTIFIER = com.singhamit089.POS;
				PRODUCT_NAME = "$(TARGET_NAME)";
				SWIFT_VERSION = 4.0;
				TARGETED_DEVICE_FAMILY = 2;
			};
			name = Release;
		};
		6DD310B6214A8BB000168A0E /* Debug */ = {
			isa = XCBuildConfiguration;
			buildSettings = {
				ALWAYS_EMBED_SWIFT_STANDARD_LIBRARIES = YES;
				BUNDLE_LOADER = "$(TEST_HOST)";
				CODE_SIGN_STYLE = Automatic;
				INFOPLIST_FILE = POSTests/Info.plist;
				LD_RUNPATH_SEARCH_PATHS = (
					"$(inherited)",
					"@executable_path/Frameworks",
					"@loader_path/Frameworks",
				);
				PRODUCT_BUNDLE_IDENTIFIER = com.singhamit089.POSTests;
				PRODUCT_NAME = "$(TARGET_NAME)";
				SWIFT_VERSION = 4.0;
				TARGETED_DEVICE_FAMILY = "1,2";
				TEST_HOST = "$(BUILT_PRODUCTS_DIR)/POS.app/POS";
			};
			name = Debug;
		};
		6DD310B7214A8BB000168A0E /* Release */ = {
			isa = XCBuildConfiguration;
			buildSettings = {
				ALWAYS_EMBED_SWIFT_STANDARD_LIBRARIES = YES;
				BUNDLE_LOADER = "$(TEST_HOST)";
				CODE_SIGN_STYLE = Automatic;
				INFOPLIST_FILE = POSTests/Info.plist;
				LD_RUNPATH_SEARCH_PATHS = (
					"$(inherited)",
					"@executable_path/Frameworks",
					"@loader_path/Frameworks",
				);
				PRODUCT_BUNDLE_IDENTIFIER = com.singhamit089.POSTests;
				PRODUCT_NAME = "$(TARGET_NAME)";
				SWIFT_VERSION = 4.0;
				TARGETED_DEVICE_FAMILY = "1,2";
				TEST_HOST = "$(BUILT_PRODUCTS_DIR)/POS.app/POS";
			};
			name = Release;
		};
/* End XCBuildConfiguration section */

/* Begin XCConfigurationList section */
		6DD3108D214A8BAF00168A0E /* Build configuration list for PBXProject "POS" */ = {
			isa = XCConfigurationList;
			buildConfigurations = (
				6DD310B0214A8BB000168A0E /* Debug */,
				6DD310B1214A8BB000168A0E /* Release */,
			);
			defaultConfigurationIsVisible = 0;
			defaultConfigurationName = Release;
		};
		6DD310B2214A8BB000168A0E /* Build configuration list for PBXNativeTarget "POS" */ = {
			isa = XCConfigurationList;
			buildConfigurations = (
				6DD310B3214A8BB000168A0E /* Debug */,
				6DD310B4214A8BB000168A0E /* Release */,
			);
			defaultConfigurationIsVisible = 0;
			defaultConfigurationName = Release;
		};
		6DD310B5214A8BB000168A0E /* Build configuration list for PBXNativeTarget "POSTests" */ = {
			isa = XCConfigurationList;
			buildConfigurations = (
				6DD310B6214A8BB000168A0E /* Debug */,
				6DD310B7214A8BB000168A0E /* Release */,
			);
			defaultConfigurationIsVisible = 0;
			defaultConfigurationName = Release;
		};
/* End XCConfigurationList section */

/* Begin XCVersionGroup section */
		6DD3109C214A8BAF00168A0E /* POS.xcdatamodeld */ = {
			isa = XCVersionGroup;
			children = (
				6DD3109D214A8BAF00168A0E /* POS.xcdatamodel */,
			);
			currentVersion = 6DD3109D214A8BAF00168A0E /* POS.xcdatamodel */;
			path = POS.xcdatamodeld;
			sourceTree = "<group>";
			versionGroupType = wrapper.xcdatamodel;
		};
/* End XCVersionGroup section */
	};
	rootObject = 6DD3108A214A8BAF00168A0E /* Project object */;
}
